// !$*UTF8*$!
{
	archiveVersion = 1;
	classes = {
	};
	objectVersion = 48;
	objects = {

/* Begin PBXBuildFile section */
		427A0B78DCD6DDB3F9CDF776 /* Pods_LoginAssignment.framework in Frameworks */ = {isa = PBXBuildFile; fileRef = B44A15B2F8349F66C9289DBD /* Pods_LoginAssignment.framework */; };
		F20BEEDA201F26AE0008586A /* Reachability.swift in Sources */ = {isa = PBXBuildFile; fileRef = F20BEED9201F26AE0008586A /* Reachability.swift */; };
		F28814042018813A00AE2EC2 /* UIViewControllerExtension.swift in Sources */ = {isa = PBXBuildFile; fileRef = F28814032018813A00AE2EC2 /* UIViewControllerExtension.swift */; };
		F2881407201886CC00AE2EC2 /* Util.swift in Sources */ = {isa = PBXBuildFile; fileRef = F2881406201886CC00AE2EC2 /* Util.swift */; };
		F288140A20189DCD00AE2EC2 /* ProductServiceProvider.swift in Sources */ = {isa = PBXBuildFile; fileRef = F288140920189DCD00AE2EC2 /* ProductServiceProvider.swift */; };
		F288140C2018A2C600AE2EC2 /* HttpRequest.swift in Sources */ = {isa = PBXBuildFile; fileRef = F288140B2018A2C600AE2EC2 /* HttpRequest.swift */; };
		F2ACB6C12017211900386A9B /* TextFieldExtension.swift in Sources */ = {isa = PBXBuildFile; fileRef = F2ACB6C02017211900386A9B /* TextFieldExtension.swift */; };
		F2ACB6C32017602800386A9B /* ProductModel.swift in Sources */ = {isa = PBXBuildFile; fileRef = F2ACB6C22017602800386A9B /* ProductModel.swift */; };
		F2ACB6C72017748500386A9B /* ResponseModel.swift in Sources */ = {isa = PBXBuildFile; fileRef = F2ACB6C62017748500386A9B /* ResponseModel.swift */; };
		F2ACB6CB2017835F00386A9B /* Product+CoreDataProperties.swift in Sources */ = {isa = PBXBuildFile; fileRef = F2ACB6CA2017835F00386A9B /* Product+CoreDataProperties.swift */; };
		F2B3530A20108703009F64B1 /* Products.plist in Resources */ = {isa = PBXBuildFile; fileRef = F2B3530920108703009F64B1 /* Products.plist */; };
		F2B3530C2010B669009F64B1 /* CollectionViewCell.swift in Sources */ = {isa = PBXBuildFile; fileRef = F2B3530B2010B669009F64B1 /* CollectionViewCell.swift */; };
		F2B3530E2010DA04009F64B1 /* CartTableViewCell.swift in Sources */ = {isa = PBXBuildFile; fileRef = F2B3530D2010DA04009F64B1 /* CartTableViewCell.swift */; };
		F2C6EFF5200DE1A000DCE6B1 /* AppDelegate.swift in Sources */ = {isa = PBXBuildFile; fileRef = F2C6EFF4200DE1A000DCE6B1 /* AppDelegate.swift */; };
		F2C6EFF7200DE1A000DCE6B1 /* LoginViewController.swift in Sources */ = {isa = PBXBuildFile; fileRef = F2C6EFF6200DE1A000DCE6B1 /* LoginViewController.swift */; };
		F2C6EFFA200DE1A000DCE6B1 /* Main.storyboard in Resources */ = {isa = PBXBuildFile; fileRef = F2C6EFF8200DE1A000DCE6B1 /* Main.storyboard */; };
		F2C6EFFC200DE1A000DCE6B1 /* Assets.xcassets in Resources */ = {isa = PBXBuildFile; fileRef = F2C6EFFB200DE1A000DCE6B1 /* Assets.xcassets */; };
		F2C6EFFF200DE1A000DCE6B1 /* LaunchScreen.storyboard in Resources */ = {isa = PBXBuildFile; fileRef = F2C6EFFD200DE1A000DCE6B1 /* LaunchScreen.storyboard */; };
		F2C6F007200E040E00DCE6B1 /* TabBarController.swift in Sources */ = {isa = PBXBuildFile; fileRef = F2C6F006200E040E00DCE6B1 /* TabBarController.swift */; };
		F2C6F009200E1F9C00DCE6B1 /* ProductListViewController.swift in Sources */ = {isa = PBXBuildFile; fileRef = F2C6F008200E1F9C00DCE6B1 /* ProductListViewController.swift */; };
		F2C6F00B200E1FB800DCE6B1 /* CartItemViewController.swift in Sources */ = {isa = PBXBuildFile; fileRef = F2C6F00A200E1FB800DCE6B1 /* CartItemViewController.swift */; };
		F2C810EF2019AF3F00F65C8E /* DatabaseManager.swift in Sources */ = {isa = PBXBuildFile; fileRef = F2C810EE2019AF3F00F65C8E /* DatabaseManager.swift */; };
		F2D6FF1A2016027500D6A954 /* ProductData.xcdatamodeld in Sources */ = {isa = PBXBuildFile; fileRef = F2D6FF182016027500D6A954 /* ProductData.xcdatamodeld */; };
		F2D6FF2420160AB800D6A954 /* Product+CoreDataClass.swift in Sources */ = {isa = PBXBuildFile; fileRef = F2D6FF2220160AB800D6A954 /* Product+CoreDataClass.swift */; };
		F2D6FF2C20162F3B00D6A954 /* CartProduct+CoreDataClass.swift in Sources */ = {isa = PBXBuildFile; fileRef = F2D6FF2A20162F3B00D6A954 /* CartProduct+CoreDataClass.swift */; };
		F2D6FF2F20163F1B00D6A954 /* CartProduct+CoreDataProperties.swift in Sources */ = {isa = PBXBuildFile; fileRef = F2D6FF2E20163F1B00D6A954 /* CartProduct+CoreDataProperties.swift */; };
/* End PBXBuildFile section */

/* Begin PBXFileReference section */
		92586CBE784E1363A6657DA5 /* Pods-LoginAssignment.release.xcconfig */ = {isa = PBXFileReference; includeInIndex = 1; lastKnownFileType = text.xcconfig; name = "Pods-LoginAssignment.release.xcconfig"; path = "Pods/Target Support Files/Pods-LoginAssignment/Pods-LoginAssignment.release.xcconfig"; sourceTree = "<group>"; };
		B44A15B2F8349F66C9289DBD /* Pods_LoginAssignment.framework */ = {isa = PBXFileReference; explicitFileType = wrapper.framework; includeInIndex = 0; path = Pods_LoginAssignment.framework; sourceTree = BUILT_PRODUCTS_DIR; };
		E8E116BB4C3E9F8C6BCFEEC9 /* Pods-LoginAssignment.debug.xcconfig */ = {isa = PBXFileReference; includeInIndex = 1; lastKnownFileType = text.xcconfig; name = "Pods-LoginAssignment.debug.xcconfig"; path = "Pods/Target Support Files/Pods-LoginAssignment/Pods-LoginAssignment.debug.xcconfig"; sourceTree = "<group>"; };
		F20BEED9201F26AE0008586A /* Reachability.swift */ = {isa = PBXFileReference; lastKnownFileType = sourcecode.swift; path = Reachability.swift; sourceTree = "<group>"; };
		F28814032018813A00AE2EC2 /* UIViewControllerExtension.swift */ = {isa = PBXFileReference; lastKnownFileType = sourcecode.swift; path = UIViewControllerExtension.swift; sourceTree = "<group>"; };
		F2881406201886CC00AE2EC2 /* Util.swift */ = {isa = PBXFileReference; lastKnownFileType = sourcecode.swift; path = Util.swift; sourceTree = "<group>"; };
		F288140920189DCD00AE2EC2 /* ProductServiceProvider.swift */ = {isa = PBXFileReference; lastKnownFileType = sourcecode.swift; path = ProductServiceProvider.swift; sourceTree = "<group>"; };
		F288140B2018A2C600AE2EC2 /* HttpRequest.swift */ = {isa = PBXFileReference; lastKnownFileType = sourcecode.swift; path = HttpRequest.swift; sourceTree = "<group>"; };
		F2ACB6C02017211900386A9B /* TextFieldExtension.swift */ = {isa = PBXFileReference; lastKnownFileType = sourcecode.swift; path = TextFieldExtension.swift; sourceTree = "<group>"; };
		F2ACB6C22017602800386A9B /* ProductModel.swift */ = {isa = PBXFileReference; lastKnownFileType = sourcecode.swift; path = ProductModel.swift; sourceTree = "<group>"; };
		F2ACB6C62017748500386A9B /* ResponseModel.swift */ = {isa = PBXFileReference; lastKnownFileType = sourcecode.swift; path = ResponseModel.swift; sourceTree = "<group>"; };
		F2ACB6CA2017835F00386A9B /* Product+CoreDataProperties.swift */ = {isa = PBXFileReference; lastKnownFileType = sourcecode.swift; path = "Product+CoreDataProperties.swift"; sourceTree = "<group>"; };
		F2B3530920108703009F64B1 /* Products.plist */ = {isa = PBXFileReference; lastKnownFileType = text.plist.xml; path = Products.plist; sourceTree = "<group>"; };
		F2B3530B2010B669009F64B1 /* CollectionViewCell.swift */ = {isa = PBXFileReference; lastKnownFileType = sourcecode.swift; path = CollectionViewCell.swift; sourceTree = "<group>"; };
		F2B3530D2010DA04009F64B1 /* CartTableViewCell.swift */ = {isa = PBXFileReference; lastKnownFileType = sourcecode.swift; path = CartTableViewCell.swift; sourceTree = "<group>"; };
		F2C6EFF1200DE1A000DCE6B1 /* LoginAssignment.app */ = {isa = PBXFileReference; explicitFileType = wrapper.application; includeInIndex = 0; path = LoginAssignment.app; sourceTree = BUILT_PRODUCTS_DIR; };
		F2C6EFF4200DE1A000DCE6B1 /* AppDelegate.swift */ = {isa = PBXFileReference; lastKnownFileType = sourcecode.swift; path = AppDelegate.swift; sourceTree = "<group>"; };
		F2C6EFF6200DE1A000DCE6B1 /* LoginViewController.swift */ = {isa = PBXFileReference; lastKnownFileType = sourcecode.swift; path = LoginViewController.swift; sourceTree = "<group>"; };
		F2C6EFF9200DE1A000DCE6B1 /* Base */ = {isa = PBXFileReference; lastKnownFileType = file.storyboard; name = Base; path = Base.lproj/Main.storyboard; sourceTree = "<group>"; };
		F2C6EFFB200DE1A000DCE6B1 /* Assets.xcassets */ = {isa = PBXFileReference; lastKnownFileType = folder.assetcatalog; path = Assets.xcassets; sourceTree = "<group>"; };
		F2C6EFFE200DE1A000DCE6B1 /* Base */ = {isa = PBXFileReference; lastKnownFileType = file.storyboard; name = Base; path = Base.lproj/LaunchScreen.storyboard; sourceTree = "<group>"; };
		F2C6F000200DE1A000DCE6B1 /* Info.plist */ = {isa = PBXFileReference; lastKnownFileType = text.plist.xml; path = Info.plist; sourceTree = "<group>"; };
		F2C6F006200E040E00DCE6B1 /* TabBarController.swift */ = {isa = PBXFileReference; lastKnownFileType = sourcecode.swift; path = TabBarController.swift; sourceTree = "<group>"; };
		F2C6F008200E1F9C00DCE6B1 /* ProductListViewController.swift */ = {isa = PBXFileReference; lastKnownFileType = sourcecode.swift; path = ProductListViewController.swift; sourceTree = "<group>"; };
		F2C6F00A200E1FB800DCE6B1 /* CartItemViewController.swift */ = {isa = PBXFileReference; lastKnownFileType = sourcecode.swift; path = CartItemViewController.swift; sourceTree = "<group>"; };
		F2C810EE2019AF3F00F65C8E /* DatabaseManager.swift */ = {isa = PBXFileReference; lastKnownFileType = sourcecode.swift; path = DatabaseManager.swift; sourceTree = "<group>"; };
		F2D6FF192016027500D6A954 /* ProductData.xcdatamodel */ = {isa = PBXFileReference; lastKnownFileType = wrapper.xcdatamodel; path = ProductData.xcdatamodel; sourceTree = "<group>"; };
		F2D6FF2220160AB800D6A954 /* Product+CoreDataClass.swift */ = {isa = PBXFileReference; lastKnownFileType = sourcecode.swift; path = "Product+CoreDataClass.swift"; sourceTree = "<group>"; };
		F2D6FF2A20162F3B00D6A954 /* CartProduct+CoreDataClass.swift */ = {isa = PBXFileReference; lastKnownFileType = sourcecode.swift; path = "CartProduct+CoreDataClass.swift"; sourceTree = "<group>"; };
		F2D6FF2E20163F1B00D6A954 /* CartProduct+CoreDataProperties.swift */ = {isa = PBXFileReference; lastKnownFileType = sourcecode.swift; path = "CartProduct+CoreDataProperties.swift"; sourceTree = "<group>"; };
/* End PBXFileReference section */

/* Begin PBXFrameworksBuildPhase section */
		F2C6EFEE200DE1A000DCE6B1 /* Frameworks */ = {
			isa = PBXFrameworksBuildPhase;
			buildActionMask = 2147483647;
			files = (
				427A0B78DCD6DDB3F9CDF776 /* Pods_LoginAssignment.framework in Frameworks */,
			);
			runOnlyForDeploymentPostprocessing = 0;
		};
/* End PBXFrameworksBuildPhase section */

/* Begin PBXGroup section */
		2739DAC4B227BFF20D5D8182 /* Pods */ = {
			isa = PBXGroup;
			children = (
				E8E116BB4C3E9F8C6BCFEEC9 /* Pods-LoginAssignment.debug.xcconfig */,
				92586CBE784E1363A6657DA5 /* Pods-LoginAssignment.release.xcconfig */,
			);
			name = Pods;
			sourceTree = "<group>";
		};
		7F33ABD083842F175F596BFF /* Frameworks */ = {
			isa = PBXGroup;
			children = (
				B44A15B2F8349F66C9289DBD /* Pods_LoginAssignment.framework */,
			);
			name = Frameworks;
			sourceTree = "<group>";
		};
		F2881405201886A600AE2EC2 /* Utils */ = {
			isa = PBXGroup;
			children = (
				F2881406201886CC00AE2EC2 /* Util.swift */,
				F288140B2018A2C600AE2EC2 /* HttpRequest.swift */,
				F20BEED9201F26AE0008586A /* Reachability.swift */,
			);
			path = Utils;
			sourceTree = "<group>";
		};
		F288140820189DAB00AE2EC2 /* ServiceProvider */ = {
			isa = PBXGroup;
			children = (
				F288140920189DCD00AE2EC2 /* ProductServiceProvider.swift */,
				F2C810EE2019AF3F00F65C8E /* DatabaseManager.swift */,
			);
			path = ServiceProvider;
			sourceTree = "<group>";
		};
		F2ACB6BF201720C900386A9B /* Extensions */ = {
			isa = PBXGroup;
			children = (
				F28814032018813A00AE2EC2 /* UIViewControllerExtension.swift */,
				F2ACB6C02017211900386A9B /* TextFieldExtension.swift */,
			);
			path = Extensions;
			sourceTree = "<group>";
		};
		F2BF4DB12011E4D600ADEA25 /* Cells */ = {
			isa = PBXGroup;
			children = (
				F2B3530B2010B669009F64B1 /* CollectionViewCell.swift */,
				F2B3530D2010DA04009F64B1 /* CartTableViewCell.swift */,
			);
			path = Cells;
			sourceTree = "<group>";
		};
		F2BF4DB22011E4FD00ADEA25 /* Controllers */ = {
			isa = PBXGroup;
			children = (
				F2C6EFF6200DE1A000DCE6B1 /* LoginViewController.swift */,
				F2C6F006200E040E00DCE6B1 /* TabBarController.swift */,
				F2C6F008200E1F9C00DCE6B1 /* ProductListViewController.swift */,
				F2C6F00A200E1FB800DCE6B1 /* CartItemViewController.swift */,
			);
			path = Controllers;
			sourceTree = "<group>";
		};
		F2BF4DB32011E53E00ADEA25 /* Resources */ = {
			isa = PBXGroup;
			children = (
				F2C6EFF8200DE1A000DCE6B1 /* Main.storyboard */,
				F2C6EFFB200DE1A000DCE6B1 /* Assets.xcassets */,
				F2C6EFFD200DE1A000DCE6B1 /* LaunchScreen.storyboard */,
				F2D6FF182016027500D6A954 /* ProductData.xcdatamodeld */,
			);
			path = Resources;
			sourceTree = "<group>";
		};
		F2BF4DB42011E58D00ADEA25 /* Data */ = {
			isa = PBXGroup;
			children = (
				F2ACB6CA2017835F00386A9B /* Product+CoreDataProperties.swift */,
				F2D6FF2E20163F1B00D6A954 /* CartProduct+CoreDataProperties.swift */,
				F2D6FF2A20162F3B00D6A954 /* CartProduct+CoreDataClass.swift */,
				F2D6FF2220160AB800D6A954 /* Product+CoreDataClass.swift */,
				F2B3530920108703009F64B1 /* Products.plist */,
				F2ACB6C22017602800386A9B /* ProductModel.swift */,
				F2ACB6C62017748500386A9B /* ResponseModel.swift */,
			);
			path = Data;
			sourceTree = "<group>";
		};
		F2C6EFE8200DE1A000DCE6B1 = {
			isa = PBXGroup;
			children = (
				F2C6EFF3200DE1A000DCE6B1 /* LoginAssignment */,
				F2C6EFF2200DE1A000DCE6B1 /* Products */,
				2739DAC4B227BFF20D5D8182 /* Pods */,
				7F33ABD083842F175F596BFF /* Frameworks */,
			);
			sourceTree = "<group>";
		};
		F2C6EFF2200DE1A000DCE6B1 /* Products */ = {
			isa = PBXGroup;
			children = (
				F2C6EFF1200DE1A000DCE6B1 /* LoginAssignment.app */,
			);
			name = Products;
			sourceTree = "<group>";
		};
		F2C6EFF3200DE1A000DCE6B1 /* LoginAssignment */ = {
			isa = PBXGroup;
			children = (
				F288140820189DAB00AE2EC2 /* ServiceProvider */,
				F2881405201886A600AE2EC2 /* Utils */,
				F2ACB6BF201720C900386A9B /* Extensions */,
				F2BF4DB42011E58D00ADEA25 /* Data */,
				F2BF4DB32011E53E00ADEA25 /* Resources */,
				F2BF4DB12011E4D600ADEA25 /* Cells */,
				F2BF4DB22011E4FD00ADEA25 /* Controllers */,
				F2C6EFF4200DE1A000DCE6B1 /* AppDelegate.swift */,
				F2C6F000200DE1A000DCE6B1 /* Info.plist */,
			);
			path = LoginAssignment;
			sourceTree = "<group>";
		};
/* End PBXGroup section */

/* Begin PBXNativeTarget section */
		F2C6EFF0200DE1A000DCE6B1 /* LoginAssignment */ = {
			isa = PBXNativeTarget;
			buildConfigurationList = F2C6F003200DE1A000DCE6B1 /* Build configuration list for PBXNativeTarget "LoginAssignment" */;
			buildPhases = (
				9D70DB29A21EF5455D094056 /* [CP] Check Pods Manifest.lock */,
				F2C6EFED200DE1A000DCE6B1 /* Sources */,
				F2C6EFEE200DE1A000DCE6B1 /* Frameworks */,
				F2C6EFEF200DE1A000DCE6B1 /* Resources */,
				7DEBD4C27C7020470AFF06BF /* [CP] Embed Pods Frameworks */,
				69A77AFFA2C8411C46724964 /* [CP] Copy Pods Resources */,
			);
			buildRules = (
			);
			dependencies = (
			);
			name = LoginAssignment;
			productName = LoginAssignment;
			productReference = F2C6EFF1200DE1A000DCE6B1 /* LoginAssignment.app */;
			productType = "com.apple.product-type.application";
		};
/* End PBXNativeTarget section */

/* Begin PBXProject section */
		F2C6EFE9200DE1A000DCE6B1 /* Project object */ = {
			isa = PBXProject;
			attributes = {
				LastSwiftUpdateCheck = 0920;
				LastUpgradeCheck = 0920;
				ORGANIZATIONNAME = "Vikas Patil";
				TargetAttributes = {
					F2C6EFF0200DE1A000DCE6B1 = {
						CreatedOnToolsVersion = 9.2;
						ProvisioningStyle = Automatic;
					};
				};
			};
			buildConfigurationList = F2C6EFEC200DE1A000DCE6B1 /* Build configuration list for PBXProject "LoginAssignment" */;
			compatibilityVersion = "Xcode 8.0";
			developmentRegion = en;
			hasScannedForEncodings = 0;
			knownRegions = (
				en,
				Base,
			);
			mainGroup = F2C6EFE8200DE1A000DCE6B1;
			productRefGroup = F2C6EFF2200DE1A000DCE6B1 /* Products */;
			projectDirPath = "";
			projectRoot = "";
			targets = (
				F2C6EFF0200DE1A000DCE6B1 /* LoginAssignment */,
			);
		};
/* End PBXProject section */

/* Begin PBXResourcesBuildPhase section */
		F2C6EFEF200DE1A000DCE6B1 /* Resources */ = {
			isa = PBXResourcesBuildPhase;
			buildActionMask = 2147483647;
			files = (
				F2B3530A20108703009F64B1 /* Products.plist in Resources */,
				F2C6EFFF200DE1A000DCE6B1 /* LaunchScreen.storyboard in Resources */,
				F2C6EFFC200DE1A000DCE6B1 /* Assets.xcassets in Resources */,
				F2C6EFFA200DE1A000DCE6B1 /* Main.storyboard in Resources */,
			);
			runOnlyForDeploymentPostprocessing = 0;
		};
/* End PBXResourcesBuildPhase section */

/* Begin PBXShellScriptBuildPhase section */
		69A77AFFA2C8411C46724964 /* [CP] Copy Pods Resources */ = {
			isa = PBXShellScriptBuildPhase;
			buildActionMask = 2147483647;
			files = (
			);
			inputPaths = (
			);
			name = "[CP] Copy Pods Resources";
			outputPaths = (
			);
			runOnlyForDeploymentPostprocessing = 0;
			shellPath = /bin/sh;
			shellScript = "\"${SRCROOT}/Pods/Target Support Files/Pods-LoginAssignment/Pods-LoginAssignment-resources.sh\"\n";
			showEnvVarsInLog = 0;
		};
		7DEBD4C27C7020470AFF06BF /* [CP] Embed Pods Frameworks */ = {
			isa = PBXShellScriptBuildPhase;
			buildActionMask = 2147483647;
			files = (
			);
			inputPaths = (
				"${SRCROOT}/Pods/Target Support Files/Pods-LoginAssignment/Pods-LoginAssignment-frameworks.sh",
				"${BUILT_PRODUCTS_DIR}/Alamofire/Alamofire.framework",
				"${BUILT_PRODUCTS_DIR}/SDWebImage/SDWebImage.framework",
			);
			name = "[CP] Embed Pods Frameworks";
			outputPaths = (
				"${TARGET_BUILD_DIR}/${FRAMEWORKS_FOLDER_PATH}/Alamofire.framework",
				"${TARGET_BUILD_DIR}/${FRAMEWORKS_FOLDER_PATH}/SDWebImage.framework",
			);
			runOnlyForDeploymentPostprocessing = 0;
			shellPath = /bin/sh;
			shellScript = "\"${SRCROOT}/Pods/Target Support Files/Pods-LoginAssignment/Pods-LoginAssignment-frameworks.sh\"\n";
			showEnvVarsInLog = 0;
		};
		9D70DB29A21EF5455D094056 /* [CP] Check Pods Manifest.lock */ = {
			isa = PBXShellScriptBuildPhase;
			buildActionMask = 2147483647;
			files = (
			);
			inputPaths = (
				"${PODS_PODFILE_DIR_PATH}/Podfile.lock",
				"${PODS_ROOT}/Manifest.lock",
			);
			name = "[CP] Check Pods Manifest.lock";
			outputPaths = (
				"$(DERIVED_FILE_DIR)/Pods-LoginAssignment-checkManifestLockResult.txt",
			);
			runOnlyForDeploymentPostprocessing = 0;
			shellPath = /bin/sh;
			shellScript = "diff \"${PODS_PODFILE_DIR_PATH}/Podfile.lock\" \"${PODS_ROOT}/Manifest.lock\" > /dev/null\nif [ $? != 0 ] ; then\n    # print error to STDERR\n    echo \"error: The sandbox is not in sync with the Podfile.lock. Run 'pod install' or update your CocoaPods installation.\" >&2\n    exit 1\nfi\n# This output is used by Xcode 'outputs' to avoid re-running this script phase.\necho \"SUCCESS\" > \"${SCRIPT_OUTPUT_FILE_0}\"\n";
			showEnvVarsInLog = 0;
		};
/* End PBXShellScriptBuildPhase section */

/* Begin PBXSourcesBuildPhase section */
		F2C6EFED200DE1A000DCE6B1 /* Sources */ = {
			isa = PBXSourcesBuildPhase;
			buildActionMask = 2147483647;
			files = (
				F2D6FF2F20163F1B00D6A954 /* CartProduct+CoreDataProperties.swift in Sources */,
				F2B3530E2010DA04009F64B1 /* CartTableViewCell.swift in Sources */,
				F288140C2018A2C600AE2EC2 /* HttpRequest.swift in Sources */,
				F2C6F00B200E1FB800DCE6B1 /* CartItemViewController.swift in Sources */,
				F2C6EFF7200DE1A000DCE6B1 /* LoginViewController.swift in Sources */,
				F2ACB6C12017211900386A9B /* TextFieldExtension.swift in Sources */,
				F2ACB6CB2017835F00386A9B /* Product+CoreDataProperties.swift in Sources */,
				F288140A20189DCD00AE2EC2 /* ProductServiceProvider.swift in Sources */,
				F2B3530C2010B669009F64B1 /* CollectionViewCell.swift in Sources */,
				F2C6F007200E040E00DCE6B1 /* TabBarController.swift in Sources */,
				F2D6FF2C20162F3B00D6A954 /* CartProduct+CoreDataClass.swift in Sources */,
				F2D6FF2420160AB800D6A954 /* Product+CoreDataClass.swift in Sources */,
				F2881407201886CC00AE2EC2 /* Util.swift in Sources */,
				F2C6F009200E1F9C00DCE6B1 /* ProductListViewController.swift in Sources */,
				F2C6EFF5200DE1A000DCE6B1 /* AppDelegate.swift in Sources */,
				F2D6FF1A2016027500D6A954 /* ProductData.xcdatamodeld in Sources */,
				F2ACB6C72017748500386A9B /* ResponseModel.swift in Sources */,
				F20BEEDA201F26AE0008586A /* Reachability.swift in Sources */,
				F28814042018813A00AE2EC2 /* UIViewControllerExtension.swift in Sources */,
				F2ACB6C32017602800386A9B /* ProductModel.swift in Sources */,
				F2C810EF2019AF3F00F65C8E /* DatabaseManager.swift in Sources */,
			);
			runOnlyForDeploymentPostprocessing = 0;
		};
/* End PBXSourcesBuildPhase section */

/* Begin PBXVariantGroup section */
		F2C6EFF8200DE1A000DCE6B1 /* Main.storyboard */ = {
			isa = PBXVariantGroup;
			children = (
				F2C6EFF9200DE1A000DCE6B1 /* Base */,
			);
			name = Main.storyboard;
			sourceTree = "<group>";
		};
		F2C6EFFD200DE1A000DCE6B1 /* LaunchScreen.storyboard */ = {
			isa = PBXVariantGroup;
			children = (
				F2C6EFFE200DE1A000DCE6B1 /* Base */,
			);
			name = LaunchScreen.storyboard;
			sourceTree = "<group>";
		};
/* End PBXVariantGroup section */

/* Begin XCBuildConfiguration section */
		F2C6F001200DE1A000DCE6B1 /* Debug */ = {
			isa = XCBuildConfiguration;
			buildSettings = {
				ALWAYS_SEARCH_USER_PATHS = NO;
				CLANG_ANALYZER_NONNULL = YES;
				CLANG_ANALYZER_NUMBER_OBJECT_CONVERSION = YES_AGGRESSIVE;
				CLANG_CXX_LANGUAGE_STANDARD = "gnu++14";
				CLANG_CXX_LIBRARY = "libc++";
				CLANG_ENABLE_MODULES = YES;
				CLANG_ENABLE_OBJC_ARC = YES;
				CLANG_WARN_BLOCK_CAPTURE_AUTORELEASING = YES;
				CLANG_WARN_BOOL_CONVERSION = YES;
				CLANG_WARN_COMMA = YES;
				CLANG_WARN_CONSTANT_CONVERSION = YES;
				CLANG_WARN_DIRECT_OBJC_ISA_USAGE = YES_ERROR;
				CLANG_WARN_DOCUMENTATION_COMMENTS = YES;
				CLANG_WARN_EMPTY_BODY = YES;
				CLANG_WARN_ENUM_CONVERSION = YES;
				CLANG_WARN_INFINITE_RECURSION = YES;
				CLANG_WARN_INT_CONVERSION = YES;
				CLANG_WARN_NON_LITERAL_NULL_CONVERSION = YES;
				CLANG_WARN_OBJC_LITERAL_CONVERSION = YES;
				CLANG_WARN_OBJC_ROOT_CLASS = YES_ERROR;
				CLANG_WARN_RANGE_LOOP_ANALYSIS = YES;
				CLANG_WARN_STRICT_PROTOTYPES = YES;
				CLANG_WARN_SUSPICIOUS_MOVE = YES;
				CLANG_WARN_UNGUARDED_AVAILABILITY = YES_AGGRESSIVE;
				CLANG_WARN_UNREACHABLE_CODE = YES;
				CLANG_WARN__DUPLICATE_METHOD_MATCH = YES;
				CODE_SIGN_IDENTITY = "iPhone Developer";
				COPY_PHASE_STRIP = NO;
				DEBUG_INFORMATION_FORMAT = dwarf;
				ENABLE_STRICT_OBJC_MSGSEND = YES;
				ENABLE_TESTABILITY = YES;
				GCC_C_LANGUAGE_STANDARD = gnu11;
				GCC_DYNAMIC_NO_PIC = NO;
				GCC_NO_COMMON_BLOCKS = YES;
				GCC_OPTIMIZATION_LEVEL = 0;
				GCC_PREPROCESSOR_DEFINITIONS = (
					"DEBUG=1",
					"$(inherited)",
				);
				GCC_WARN_64_TO_32_BIT_CONVERSION = YES;
				GCC_WARN_ABOUT_RETURN_TYPE = YES_ERROR;
				GCC_WARN_UNDECLARED_SELECTOR = YES;
				GCC_WARN_UNINITIALIZED_AUTOS = YES_AGGRESSIVE;
				GCC_WARN_UNUSED_FUNCTION = YES;
				GCC_WARN_UNUSED_VARIABLE = YES;
				IPHONEOS_DEPLOYMENT_TARGET = 11.2;
				MTL_ENABLE_DEBUG_INFO = YES;
				ONLY_ACTIVE_ARCH = YES;
				SDKROOT = iphoneos;
				SWIFT_ACTIVE_COMPILATION_CONDITIONS = DEBUG;
				SWIFT_OPTIMIZATION_LEVEL = "-Onone";
			};
			name = Debug;
		};
		F2C6F002200DE1A000DCE6B1 /* Release */ = {
			isa = XCBuildConfiguration;
			buildSettings = {
				ALWAYS_SEARCH_USER_PATHS = NO;
				CLANG_ANALYZER_NONNULL = YES;
				CLANG_ANALYZER_NUMBER_OBJECT_CONVERSION = YES_AGGRESSIVE;
				CLANG_CXX_LANGUAGE_STANDARD = "gnu++14";
				CLANG_CXX_LIBRARY = "libc++";
				CLANG_ENABLE_MODULES = YES;
				CLANG_ENABLE_OBJC_ARC = YES;
				CLANG_WARN_BLOCK_CAPTURE_AUTORELEASING = YES;
				CLANG_WARN_BOOL_CONVERSION = YES;
				CLANG_WARN_COMMA = YES;
				CLANG_WARN_CONSTANT_CONVERSION = YES;
				CLANG_WARN_DIRECT_OBJC_ISA_USAGE = YES_ERROR;
				CLANG_WARN_DOCUMENTATION_COMMENTS = YES;
				CLANG_WARN_EMPTY_BODY = YES;
				CLANG_WARN_ENUM_CONVERSION = YES;
				CLANG_WARN_INFINITE_RECURSION = YES;
				CLANG_WARN_INT_CONVERSION = YES;
				CLANG_WARN_NON_LITERAL_NULL_CONVERSION = YES;
				CLANG_WARN_OBJC_LITERAL_CONVERSION = YES;
				CLANG_WARN_OBJC_ROOT_CLASS = YES_ERROR;
				CLANG_WARN_RANGE_LOOP_ANALYSIS = YES;
				CLANG_WARN_STRICT_PROTOTYPES = YES;
				CLANG_WARN_SUSPICIOUS_MOVE = YES;
				CLANG_WARN_UNGUARDED_AVAILABILITY = YES_AGGRESSIVE;
				CLANG_WARN_UNREACHABLE_CODE = YES;
				CLANG_WARN__DUPLICATE_METHOD_MATCH = YES;
				CODE_SIGN_IDENTITY = "iPhone Developer";
				COPY_PHASE_STRIP = NO;
				DEBUG_INFORMATION_FORMAT = "dwarf-with-dsym";
				ENABLE_NS_ASSERTIONS = NO;
				ENABLE_STRICT_OBJC_MSGSEND = YES;
				GCC_C_LANGUAGE_STANDARD = gnu11;
				GCC_NO_COMMON_BLOCKS = YES;
				GCC_WARN_64_TO_32_BIT_CONVERSION = YES;
				GCC_WARN_ABOUT_RETURN_TYPE = YES_ERROR;
				GCC_WARN_UNDECLARED_SELECTOR = YES;
				GCC_WARN_UNINITIALIZED_AUTOS = YES_AGGRESSIVE;
				GCC_WARN_UNUSED_FUNCTION = YES;
				GCC_WARN_UNUSED_VARIABLE = YES;
				IPHONEOS_DEPLOYMENT_TARGET = 11.2;
				MTL_ENABLE_DEBUG_INFO = NO;
				SDKROOT = iphoneos;
				SWIFT_OPTIMIZATION_LEVEL = "-Owholemodule";
				VALIDATE_PRODUCT = YES;
			};
			name = Release;
		};
		F2C6F004200DE1A000DCE6B1 /* Debug */ = {
			isa = XCBuildConfiguration;
			baseConfigurationReference = E8E116BB4C3E9F8C6BCFEEC9 /* Pods-LoginAssignment.debug.xcconfig */;
			buildSettings = {
				ASSETCATALOG_COMPILER_APPICON_NAME = AppIcon;
				CODE_SIGN_STYLE = Automatic;
				INFOPLIST_FILE = LoginAssignment/Info.plist;
				LD_RUNPATH_SEARCH_PATHS = "$(inherited) @executable_path/Frameworks";
				PRODUCT_BUNDLE_IDENTIFIER = test.LoginAssignment;
				PRODUCT_NAME = "$(TARGET_NAME)";
				SWIFT_VERSION = 4.0;
				TARGETED_DEVICE_FAMILY = "1,2";
			};
			name = Debug;
		};
		F2C6F005200DE1A000DCE6B1 /* Release */ = {
			isa = XCBuildConfiguration;
			baseConfigurationReference = 92586CBE784E1363A6657DA5 /* Pods-LoginAssignment.release.xcconfig */;
			buildSettings = {
				ASSETCATALOG_COMPILER_APPICON_NAME = AppIcon;
				CODE_SIGN_STYLE = Automatic;
				INFOPLIST_FILE = LoginAssignment/Info.plist;
				LD_RUNPATH_SEARCH_PATHS = "$(inherited) @executable_path/Frameworks";
				PRODUCT_BUNDLE_IDENTIFIER = test.LoginAssignment;
				PRODUCT_NAME = "$(TARGET_NAME)";
				SWIFT_VERSION = 4.0;
				TARGETED_DEVICE_FAMILY = "1,2";
			};
			name = Release;
		};
/* End XCBuildConfiguration section */

/* Begin XCConfigurationList section */
		F2C6EFEC200DE1A000DCE6B1 /* Build configuration list for PBXProject "LoginAssignment" */ = {
			isa = XCConfigurationList;
			buildConfigurations = (
				F2C6F001200DE1A000DCE6B1 /* Debug */,
				F2C6F002200DE1A000DCE6B1 /* Release */,
			);
			defaultConfigurationIsVisible = 0;
			defaultConfigurationName = Release;
		};
		F2C6F003200DE1A000DCE6B1 /* Build configuration list for PBXNativeTarget "LoginAssignment" */ = {
			isa = XCConfigurationList;
			buildConfigurations = (
				F2C6F004200DE1A000DCE6B1 /* Debug */,
				F2C6F005200DE1A000DCE6B1 /* Release */,
			);
			defaultConfigurationIsVisible = 0;
			defaultConfigurationName = Release;
		};
/* End XCConfigurationList section */

/* Begin XCVersionGroup section */
		F2D6FF182016027500D6A954 /* ProductData.xcdatamodeld */ = {
			isa = XCVersionGroup;
			children = (
				F2D6FF192016027500D6A954 /* ProductData.xcdatamodel */,
			);
			currentVersion = F2D6FF192016027500D6A954 /* ProductData.xcdatamodel */;
			path = ProductData.xcdatamodeld;
			sourceTree = "<group>";
			versionGroupType = wrapper.xcdatamodel;
		};
/* End XCVersionGroup section */
	};
	rootObject = F2C6EFE9200DE1A000DCE6B1 /* Project object */;
}
